{
  "name": "serverless-htm",
  "version": "0.0.1",
  "lockfileVersion": 2,
  "requires": true,
  "packages": {
    "": {
      "version": "0.0.1",
      "license": "Apache-2.0",
      "dependencies": {
        "htm": "^3.0.4",
        "vhtml": "^2.2.0"
      }
    },
    "node_modules/htm": {
      "version": "3.0.4",
      "resolved": "https://registry.npmjs.org/htm/-/htm-3.0.4.tgz",
      "integrity": "sha512-VRdvxX3tmrXuT/Ovt59NMp/ORMFi4bceFMDjos1PV4E0mV+5votuID8R60egR9A4U8nLt238R/snlJGz3UYiTQ=="
    },
    "node_modules/vhtml": {
      "version": "2.2.0",
      "resolved": "https://registry.npmjs.org/vhtml/-/vhtml-2.2.0.tgz",
      "integrity": "sha512-TPXrXrxBOslRUVnlVkiAqhoXneiertIg86bdvzionrUYhEuiROvyPZNiiP6GIIJ2Q7oPNVyEtIx8gMAZZE9lCQ=="
    }
  },
  "dependencies": {
    "htm": {
      "version": "3.0.4",
      "resolved": "https://registry.npmjs.org/htm/-/htm-3.0.4.tgz",
      "integrity": "sha512-VRdvxX3tmrXuT/Ovt59NMp/ORMFi4bceFMDjos1PV4E0mV+5votuID8R60egR9A4U8nLt238R/snlJGz3UYiTQ=="
    },
    "vhtml": {
      "version": "2.2.0",
      "resolved": "https://registry.npmjs.org/vhtml/-/vhtml-2.2.0.tgz",
      "integrity": "sha512-TPXrXrxBOslRUVnlVkiAqhoXneiertIg86bdvzionrUYhEuiROvyPZNiiP6GIIJ2Q7oPNVyEtIx8gMAZZE9lCQ=="
    }
  }
}
